
Microsoft Visual Studio Solution File, Format Version 12.00
# Visual Studio Version 17
VisualStudioVersion = 17.8.34330.188
MinimumVisualStudioVersion = 10.0.40219.1
Project("{FAE04EC0-301F-11D3-BF4B-00C04F79EFBC}") = "LearnnLinq", "LearnnLinq\LearnnLinq.csproj", "{6158C589-ECEA-4363-8D5E-7B7043F2C9EE}"
EndProject
Global
	GlobalSection(SolutionConfigurationPlatforms) = preSolution
		Debug|Any CPU = Debug|Any CPU
		Release|Any CPU = Release|Any CPU
	EndGlobalSection
	GlobalSection(ProjectConfigurationPlatforms) = postSolution
		{6158C589-ECEA-4363-8D5E-7B7043F2C9EE}.Debug|Any CPU.ActiveCfg = Debug|Any CPU
		{6158C589-ECEA-4363-8D5E-7B7043F2C9EE}.Debug|Any CPU.Build.0 = Debug|Any CPU
		{6158C589-ECEA-4363-8D5E-7B7043F2C9EE}.Release|Any CPU.ActiveCfg = Release|Any CPU
		{6158C589-ECEA-4363-8D5E-7B7043F2C9EE}.Release|Any CPU.Build.0 = Release|Any CPU
	EndGlobalSection
	GlobalSection(SolutionProperties) = preSolution
		HideSolutionNode = FALSE
	EndGlobalSection
	GlobalSection(ExtensibilityGlobals) = postSolution
		SolutionGuid = {A85B307A-C074-4339-AEFC-A0E4899C6F0C}
	EndGlobalSection
EndGlobal
